// !$*UTF8*$!
{
	archiveVersion = 1;
	classes = {
	};
	objectVersion = 46;
	objects = {

/* Begin PBXBuildFile section */
		9A73FEA41B5F9E580053AC6E /* AppDelegate.swift in Sources */ = {isa = PBXBuildFile; fileRef = 9A73FEA31B5F9E580053AC6E /* AppDelegate.swift */; };
		9A73FEA61B5F9E580053AC6E /* ViewController.swift in Sources */ = {isa = PBXBuildFile; fileRef = 9A73FEA51B5F9E580053AC6E /* ViewController.swift */; };
		9A73FEA91B5F9E580053AC6E /* Main.storyboard in Resources */ = {isa = PBXBuildFile; fileRef = 9A73FEA71B5F9E580053AC6E /* Main.storyboard */; };
		9A73FEAB1B5F9E580053AC6E /* Images.xcassets in Resources */ = {isa = PBXBuildFile; fileRef = 9A73FEAA1B5F9E580053AC6E /* Images.xcassets */; };
		9A73FEAE1B5F9E580053AC6E /* LaunchScreen.xib in Resources */ = {isa = PBXBuildFile; fileRef = 9A73FEAC1B5F9E580053AC6E /* LaunchScreen.xib */; };
		9A73FEBA1B5F9E580053AC6E /* FGTests.swift in Sources */ = {isa = PBXBuildFile; fileRef = 9A73FEB91B5F9E580053AC6E /* FGTests.swift */; };
/* End PBXBuildFile section */

/* Begin PBXContainerItemProxy section */
		9A73FEB41B5F9E580053AC6E /* PBXContainerItemProxy */ = {
			isa = PBXContainerItemProxy;
			containerPortal = 9A73FE961B5F9E580053AC6E /* Project object */;
			proxyType = 1;
			remoteGlobalIDString = 9A73FE9D1B5F9E580053AC6E;
			remoteInfo = FG;
		};
/* End PBXContainerItemProxy section */

/* Begin PBXFileReference section */
		9A7360AD1B6AF06B009123BC /* MapPin.playground */ = {isa = PBXFileReference; lastKnownFileType = file.playground; path = MapPin.playground; sourceTree = "<group>"; };
		9A73FE9E1B5F9E580053AC6E /* FG.app */ = {isa = PBXFileReference; explicitFileType = wrapper.application; includeInIndex = 0; path = FG.app; sourceTree = BUILT_PRODUCTS_DIR; };
		9A73FEA21B5F9E580053AC6E /* Info.plist */ = {isa = PBXFileReference; lastKnownFileType = text.plist.xml; path = Info.plist; sourceTree = "<group>"; };
		9A73FEA31B5F9E580053AC6E /* AppDelegate.swift */ = {isa = PBXFileReference; lastKnownFileType = sourcecode.swift; path = AppDelegate.swift; sourceTree = "<group>"; };
		9A73FEA51B5F9E580053AC6E /* ViewController.swift */ = {isa = PBXFileReference; lastKnownFileType = sourcecode.swift; path = ViewController.swift; sourceTree = "<group>"; };
		9A73FEA81B5F9E580053AC6E /* Base */ = {isa = PBXFileReference; lastKnownFileType = file.storyboard; name = Base; path = Base.lproj/Main.storyboard; sourceTree = "<group>"; };
		9A73FEAA1B5F9E580053AC6E /* Images.xcassets */ = {isa = PBXFileReference; lastKnownFileType = folder.assetcatalog; path = Images.xcassets; sourceTree = "<group>"; };
		9A73FEAD1B5F9E580053AC6E /* Base */ = {isa = PBXFileReference; lastKnownFileType = file.xib; name = Base; path = Base.lproj/LaunchScreen.xib; sourceTree = "<group>"; };
		9A73FEB31B5F9E580053AC6E /* FGTests.xctest */ = {isa = PBXFileReference; explicitFileType = wrapper.cfbundle; includeInIndex = 0; path = FGTests.xctest; sourceTree = BUILT_PRODUCTS_DIR; };
		9A73FEB81B5F9E580053AC6E /* Info.plist */ = {isa = PBXFileReference; lastKnownFileType = text.plist.xml; path = Info.plist; sourceTree = "<group>"; };
		9A73FEB91B5F9E580053AC6E /* FGTests.swift */ = {isa = PBXFileReference; lastKnownFileType = sourcecode.swift; path = FGTests.swift; sourceTree = "<group>"; };
		9A73FEC31B5F9E670053AC6E /* FG.playground */ = {isa = PBXFileReference; lastKnownFileType = file.playground; path = FG.playground; sourceTree = "<group>"; };
		9AF8ACA61B62B099008D0C3D /* FG2.playground */ = {isa = PBXFileReference; lastKnownFileType = file.playground; path = FG2.playground; sourceTree = "<group>"; };
/* End PBXFileReference section */

/* Begin PBXFrameworksBuildPhase section */
		9A73FE9B1B5F9E580053AC6E /* Frameworks */ = {
			isa = PBXFrameworksBuildPhase;
			buildActionMask = 2147483647;
			files = (
			);
			runOnlyForDeploymentPostprocessing = 0;
		};
		9A73FEB01B5F9E580053AC6E /* Frameworks */ = {
			isa = PBXFrameworksBuildPhase;
			buildActionMask = 2147483647;
			files = (
			);
			runOnlyForDeploymentPostprocessing = 0;
		};
/* End PBXFrameworksBuildPhase section */

/* Begin PBXGroup section */
		9A73FE951B5F9E580053AC6E = {
			isa = PBXGroup;
			children = (
				9A7360AD1B6AF06B009123BC /* MapPin.playground */,
				9AF8ACA61B62B099008D0C3D /* FG2.playground */,
				9A73FEC31B5F9E670053AC6E /* FG.playground */,
				9A73FEA01B5F9E580053AC6E /* FG */,
				9A73FEB61B5F9E580053AC6E /* FGTests */,
				9A73FE9F1B5F9E580053AC6E /* Products */,
			);
			sourceTree = "<group>";
		};
		9A73FE9F1B5F9E580053AC6E /* Products */ = {
			isa = PBXGroup;
			children = (
				9A73FE9E1B5F9E580053AC6E /* FG.app */,
				9A73FEB31B5F9E580053AC6E /* FGTests.xctest */,
			);
			name = Products;
			sourceTree = "<group>";
		};
		9A73FEA01B5F9E580053AC6E /* FG */ = {
			isa = PBXGroup;
			children = (
				9A73FEA31B5F9E580053AC6E /* AppDelegate.swift */,
				9A73FEA51B5F9E580053AC6E /* ViewController.swift */,
				9A73FEA71B5F9E580053AC6E /* Main.storyboard */,
				9A73FEAA1B5F9E580053AC6E /* Images.xcassets */,
				9A73FEAC1B5F9E580053AC6E /* LaunchScreen.xib */,
				9A73FEA11B5F9E580053AC6E /* Supporting Files */,
			);
			path = FG;
			sourceTree = "<group>";
		};
		9A73FEA11B5F9E580053AC6E /* Supporting Files */ = {
			isa = PBXGroup;
			children = (
				9A73FEA21B5F9E580053AC6E /* Info.plist */,
			);
			name = "Supporting Files";
			sourceTree = "<group>";
		};
		9A73FEB61B5F9E580053AC6E /* FGTests */ = {
			isa = PBXGroup;
			children = (
				9A73FEB91B5F9E580053AC6E /* FGTests.swift */,
				9A73FEB71B5F9E580053AC6E /* Supporting Files */,
			);
			path = FGTests;
			sourceTree = "<group>";
		};
		9A73FEB71B5F9E580053AC6E /* Supporting Files */ = {
			isa = PBXGroup;
			children = (
				9A73FEB81B5F9E580053AC6E /* Info.plist */,
			);
			name = "Supporting Files";
			sourceTree = "<group>";
		};
/* End PBXGroup section */

/* Begin PBXNativeTarget section */
		9A73FE9D1B5F9E580053AC6E /* FG */ = {
			isa = PBXNativeTarget;
			buildConfigurationList = 9A73FEBD1B5F9E580053AC6E /* Build configuration list for PBXNativeTarget "FG" */;
			buildPhases = (
				9A73FE9A1B5F9E580053AC6E /* Sources */,
				9A73FE9B1B5F9E580053AC6E /* Frameworks */,
				9A73FE9C1B5F9E580053AC6E /* Resources */,
			);
			buildRules = (
			);
			dependencies = (
			);
			name = FG;
			productName = FG;
			productReference = 9A73FE9E1B5F9E580053AC6E /* FG.app */;
			productType = "com.apple.product-type.application";
		};
		9A73FEB21B5F9E580053AC6E /* FGTests */ = {
			isa = PBXNativeTarget;
			buildConfigurationList = 9A73FEC01B5F9E580053AC6E /* Build configuration list for PBXNativeTarget "FGTests" */;
			buildPhases = (
				9A73FEAF1B5F9E580053AC6E /* Sources */,
				9A73FEB01B5F9E580053AC6E /* Frameworks */,
				9A73FEB11B5F9E580053AC6E /* Resources */,
			);
			buildRules = (
			);
			dependencies = (
				9A73FEB51B5F9E580053AC6E /* PBXTargetDependency */,
			);
			name = FGTests;
			productName = FGTests;
			productReference = 9A73FEB31B5F9E580053AC6E /* FGTests.xctest */;
			productType = "com.apple.product-type.bundle.unit-test";
		};
/* End PBXNativeTarget section */

/* Begin PBXProject section */
		9A73FE961B5F9E580053AC6E /* Project object */ = {
			isa = PBXProject;
			attributes = {
				LastUpgradeCheck = 0640;
				ORGANIZATIONNAME = CW;
				TargetAttributes = {
					9A73FE9D1B5F9E580053AC6E = {
						CreatedOnToolsVersion = 6.4;
					};
					9A73FEB21B5F9E580053AC6E = {
						CreatedOnToolsVersion = 6.4;
						TestTargetID = 9A73FE9D1B5F9E580053AC6E;
					};
				};
			};
			buildConfigurationList = 9A73FE991B5F9E580053AC6E /* Build configuration list for PBXProject "FG" */;
			compatibilityVersion = "Xcode 3.2";
			developmentRegion = English;
			hasScannedForEncodings = 0;
			knownRegions = (
				en,
				Base,
			);
			mainGroup = 9A73FE951B5F9E580053AC6E;
			productRefGroup = 9A73FE9F1B5F9E580053AC6E /* Products */;
			projectDirPath = "";
			projectRoot = "";
			targets = (
				9A73FE9D1B5F9E580053AC6E /* FG */,
				9A73FEB21B5F9E580053AC6E /* FGTests */,
			);
		};
/* End PBXProject section */

/* Begin PBXResourcesBuildPhase section */
		9A73FE9C1B5F9E580053AC6E /* Resources */ = {
			isa = PBXResourcesBuildPhase;
			buildActionMask = 2147483647;
			files = (
				9A73FEA91B5F9E580053AC6E /* Main.storyboard in Resources */,
				9A73FEAE1B5F9E580053AC6E /* LaunchScreen.xib in Resources */,
				9A73FEAB1B5F9E580053AC6E /* Images.xcassets in Resources */,
			);
			runOnlyForDeploymentPostprocessing = 0;
		};
		9A73FEB11B5F9E580053AC6E /* Resources */ = {
			isa = PBXResourcesBuildPhase;
			buildActionMask = 2147483647;
			files = (
			);
			runOnlyForDeploymentPostprocessing = 0;
		};
/* End PBXResourcesBuildPhase section */

/* Begin PBXSourcesBuildPhase section */
		9A73FE9A1B5F9E580053AC6E /* Sources */ = {
			isa = PBXSourcesBuildPhase;
			buildActionMask = 2147483647;
			files = (
				9A73FEA61B5F9E580053AC6E /* ViewController.swift in Sources */,
				9A73FEA41B5F9E580053AC6E /* AppDelegate.swift in Sources */,
			);
			runOnlyForDeploymentPostprocessing = 0;
		};
		9A73FEAF1B5F9E580053AC6E /* Sources */ = {
			isa = PBXSourcesBuildPhase;
			buildActionMask = 2147483647;
			files = (
				9A73FEBA1B5F9E580053AC6E /* FGTests.swift in Sources */,
			);
			runOnlyForDeploymentPostprocessing = 0;
		};
/* End PBXSourcesBuildPhase section */

/* Begin PBXTargetDependency section */
		9A73FEB51B5F9E580053AC6E /* PBXTargetDependency */ = {
			isa = PBXTargetDependency;
			target = 9A73FE9D1B5F9E580053AC6E /* FG */;
			targetProxy = 9A73FEB41B5F9E580053AC6E /* PBXContainerItemProxy */;
		};
/* End PBXTargetDependency section */

/* Begin PBXVariantGroup section */
		9A73FEA71B5F9E580053AC6E /* Main.storyboard */ = {
			isa = PBXVariantGroup;
			children = (
				9A73FEA81B5F9E580053AC6E /* Base */,
			);
			name = Main.storyboard;
			sourceTree = "<group>";
		};
		9A73FEAC1B5F9E580053AC6E /* LaunchScreen.xib */ = {
			isa = PBXVariantGroup;
			children = (
				9A73FEAD1B5F9E580053AC6E /* Base */,
			);
			name = LaunchScreen.xib;
			sourceTree = "<group>";
		};
/* End PBXVariantGroup section */

/* Begin XCBuildConfiguration section */
		9A73FEBB1B5F9E580053AC6E /* Debug */ = {
			isa = XCBuildConfiguration;
			buildSettings = {
				ALWAYS_SEARCH_USER_PATHS = NO;
				CLANG_CXX_LANGUAGE_STANDARD = "gnu++0x";
				CLANG_CXX_LIBRARY = "libc++";
				CLANG_ENABLE_MODULES = YES;
				CLANG_ENABLE_OBJC_ARC = YES;
				CLANG_WARN_BOOL_CONVERSION = YES;
				CLANG_WARN_CONSTANT_CONVERSION = YES;
				CLANG_WARN_DIRECT_OBJC_ISA_USAGE = YES_ERROR;
				CLANG_WARN_EMPTY_BODY = YES;
				CLANG_WARN_ENUM_CONVERSION = YES;
				CLANG_WARN_INT_CONVERSION = YES;
				CLANG_WARN_OBJC_ROOT_CLASS = YES_ERROR;
				CLANG_WARN_UNREACHABLE_CODE = YES;
				CLANG_WARN__DUPLICATE_METHOD_MATCH = YES;
				"CODE_SIGN_IDENTITY[sdk=iphoneos*]" = "iPhone Developer";
				COPY_PHASE_STRIP = NO;
				DEBUG_INFORMATION_FORMAT = "dwarf-with-dsym";
				ENABLE_STRICT_OBJC_MSGSEND = YES;
				GCC_C_LANGUAGE_STANDARD = gnu99;
				GCC_DYNAMIC_NO_PIC = NO;
				GCC_NO_COMMON_BLOCKS = YES;
				GCC_OPTIMIZATION_LEVEL = 0;
				GCC_PREPROCESSOR_DEFINITIONS = (
					"DEBUG=1",
					"$(inherited)",
				);
				GCC_SYMBOLS_PRIVATE_EXTERN = NO;
				GCC_WARN_64_TO_32_BIT_CONVERSION = YES;
				GCC_WARN_ABOUT_RETURN_TYPE = YES_ERROR;
				GCC_WARN_UNDECLARED_SELECTOR = YES;
				GCC_WARN_UNINITIALIZED_AUTOS = YES_AGGRESSIVE;
				GCC_WARN_UNUSED_FUNCTION = YES;
				GCC_WARN_UNUSED_VARIABLE = YES;
				IPHONEOS_DEPLOYMENT_TARGET = 8.4;
				MTL_ENABLE_DEBUG_INFO = YES;
				ONLY_ACTIVE_ARCH = YES;
				SDKROOT = iphoneos;
				SWIFT_OPTIMIZATION_LEVEL = "-Onone";
				TARGETED_DEVICE_FAMILY = "1,2";
			};
			name = Debug;
		};
		9A73FEBC1B5F9E580053AC6E /* Release */ = {
			isa = XCBuildConfiguration;
			buildSettings = {
				ALWAYS_SEARCH_USER_PATHS = NO;
				CLANG_CXX_LANGUAGE_STANDARD = "gnu++0x";
				CLANG_CXX_LIBRARY = "libc++";
				CLANG_ENABLE_MODULES = YES;
				CLANG_ENABLE_OBJC_ARC = YES;
				CLANG_WARN_BOOL_CONVERSION = YES;
				CLANG_WARN_CONSTANT_CONVERSION = YES;
				CLANG_WARN_DIRECT_OBJC_ISA_USAGE = YES_ERROR;
				CLANG_WARN_EMPTY_BODY = YES;
				CLANG_WARN_ENUM_CONVERSION = YES;
				CLANG_WARN_INT_CONVERSION = YES;
				CLANG_WARN_OBJC_ROOT_CLASS = YES_ERROR;
				CLANG_WARN_UNREACHABLE_CODE = YES;
				CLANG_WARN__DUPLICATE_METHOD_MATCH = YES;
				"CODE_SIGN_IDENTITY[sdk=iphoneos*]" = "iPhone Developer";
				COPY_PHASE_STRIP = NO;
				DEBUG_INFORMATION_FORMAT = "dwarf-with-dsym";
				ENABLE_NS_ASSERTIONS = NO;
				ENABLE_STRICT_OBJC_MSGSEND = YES;
				GCC_C_LANGUAGE_STANDARD = gnu99;
				GCC_NO_COMMON_BLOCKS = YES;
				GCC_WARN_64_TO_32_BIT_CONVERSION = YES;
				GCC_WARN_ABOUT_RETURN_TYPE = YES_ERROR;
				GCC_WARN_UNDECLARED_SELECTOR = YES;
				GCC_WARN_UNINITIALIZED_AUTOS = YES_AGGRESSIVE;
				GCC_WARN_UNUSED_FUNCTION = YES;
				GCC_WARN_UNUSED_VARIABLE = YES;
				IPHONEOS_DEPLOYMENT_TARGET = 8.4;
				MTL_ENABLE_DEBUG_INFO = NO;
				SDKROOT = iphoneos;
				TARGETED_DEVICE_FAMILY = "1,2";
				VALIDATE_PRODUCT = YES;
			};
			name = Release;
		};
		9A73FEBE1B5F9E580053AC6E /* Debug */ = {
			isa = XCBuildConfiguration;
			buildSettings = {
				ASSETCATALOG_COMPILER_APPICON_NAME = AppIcon;
				INFOPLIST_FILE = FG/Info.plist;
				LD_RUNPATH_SEARCH_PATHS = "$(inherited) @executable_path/Frameworks";
				PRODUCT_NAME = "$(TARGET_NAME)";
			};
			name = Debug;
		};
		9A73FEBF1B5F9E580053AC6E /* Release */ = {
			isa = XCBuildConfiguration;
			buildSettings = {
				ASSETCATALOG_COMPILER_APPICON_NAME = AppIcon;
				INFOPLIST_FILE = FG/Info.plist;
				LD_RUNPATH_SEARCH_PATHS = "$(inherited) @executable_path/Frameworks";
				PRODUCT_NAME = "$(TARGET_NAME)";
			};
			name = Release;
		};
		9A73FEC11B5F9E580053AC6E /* Debug */ = {
			isa = XCBuildConfiguration;
			buildSettings = {
				BUNDLE_LOADER = "$(TEST_HOST)";
				FRAMEWORK_SEARCH_PATHS = (
					"$(SDKROOT)/Developer/Library/Frameworks",
					"$(inherited)",
				);
				GCC_PREPROCESSOR_DEFINITIONS = (
					"DEBUG=1",
					"$(inherited)",
				);
				INFOPLIST_FILE = FGTests/Info.plist;
				LD_RUNPATH_SEARCH_PATHS = "$(inherited) @executable_path/Frameworks @loader_path/Frameworks";
				PRODUCT_NAME = "$(TARGET_NAME)";
				TEST_HOST = "$(BUILT_PRODUCTS_DIR)/FG.app/FG";
			};
			name = Debug;
		};
		9A73FEC21B5F9E580053AC6E /* Release */ = {
			isa = XCBuildConfiguration;
			buildSettings = {
				BUNDLE_LOADER = "$(TEST_HOST)";
				FRAMEWORK_SEARCH_PATHS = (
					"$(SDKROOT)/Developer/Library/Frameworks",
					"$(inherited)",
				);
				INFOPLIST_FILE = FGTests/Info.plist;
				LD_RUNPATH_SEARCH_PATHS = "$(inherited) @executable_path/Frameworks @loader_path/Frameworks";
				PRODUCT_NAME = "$(TARGET_NAME)";
				TEST_HOST = "$(BUILT_PRODUCTS_DIR)/FG.app/FG";
			};
			name = Release;
		};
/* End XCBuildConfiguration section */

/* Begin XCConfigurationList section */
		9A73FE991B5F9E580053AC6E /* Build configuration list for PBXProject "FG" */ = {
			isa = XCConfigurationList;
			buildConfigurations = (
				9A73FEBB1B5F9E580053AC6E /* Debug */,
				9A73FEBC1B5F9E580053AC6E /* Release */,
			);
			defaultConfigurationIsVisible = 0;
			defaultConfigurationName = Release;
		};
		9A73FEBD1B5F9E580053AC6E /* Build configuration list for PBXNativeTarget "FG" */ = {
			isa = XCConfigurationList;
			buildConfigurations = (
				9A73FEBE1B5F9E580053AC6E /* Debug */,
				9A73FEBF1B5F9E580053AC6E /* Release */,
			);
			defaultConfigurationIsVisible = 0;
			defaultConfigurationName = Release;
		};
		9A73FEC01B5F9E580053AC6E /* Build configuration list for PBXNativeTarget "FGTests" */ = {
			isa = XCConfigurationList;
			buildConfigurations = (
				9A73FEC11B5F9E580053AC6E /* Debug */,
				9A73FEC21B5F9E580053AC6E /* Release */,
			);
			defaultConfigurationIsVisible = 0;
			defaultConfigurationName = Release;
		};
/* End XCConfigurationList section */
	};
	rootObject = 9A73FE961B5F9E580053AC6E /* Project object */;
}
